// !$*UTF8*$!
{
	archiveVersion = 1;
	classes = {
	};
	objectVersion = 50;
	objects = {

/* Begin PBXBuildFile section */
		3050976422EFE380007F3162 /* shame.cpp in Sources */ = {isa = PBXBuildFile; fileRef = 3050976322EFE380007F3162 /* shame.cpp */; };
		30EFF8C022E70F1E00D08D64 /* main.c in Sources */ = {isa = PBXBuildFile; fileRef = 30EFF8BF22E70F1E00D08D64 /* main.c */; };
/* End PBXBuildFile section */

/* Begin PBXCopyFilesBuildPhase section */
		3050975C22EFE334007F3162 /* CopyFiles */ = {
			isa = PBXCopyFilesBuildPhase;
			buildActionMask = 2147483647;
			dstPath = /usr/share/man/man1/;
			dstSubfolderSpec = 0;
			files = (
			);
			runOnlyForDeploymentPostprocessing = 1;
		};
		30EFF8BA22E70F1E00D08D64 /* CopyFiles */ = {
			isa = PBXCopyFilesBuildPhase;
			buildActionMask = 2147483647;
			dstPath = /usr/share/man/man1/;
			dstSubfolderSpec = 0;
			files = (
			);
			runOnlyForDeploymentPostprocessing = 1;
		};
/* End PBXCopyFilesBuildPhase section */

/* Begin PBXFileReference section */
		3050975E22EFE334007F3162 /* shame */ = {isa = PBXFileReference; explicitFileType = "compiled.mach-o.executable"; includeInIndex = 0; path = shame; sourceTree = BUILT_PRODUCTS_DIR; };
		3050976322EFE380007F3162 /* shame.cpp */ = {isa = PBXFileReference; fileEncoding = 4; lastKnownFileType = sourcecode.cpp.cpp; path = shame.cpp; sourceTree = SOURCE_ROOT; };
		30EFF8BC22E70F1E00D08D64 /* hackerrank_common-child */ = {isa = PBXFileReference; explicitFileType = "compiled.mach-o.executable"; includeInIndex = 0; path = "hackerrank_common-child"; sourceTree = BUILT_PRODUCTS_DIR; };
		30EFF8BF22E70F1E00D08D64 /* main.c */ = {isa = PBXFileReference; lastKnownFileType = sourcecode.c.c; path = main.c; sourceTree = "<group>"; };
/* End PBXFileReference section */

/* Begin PBXFrameworksBuildPhase section */
		3050975B22EFE334007F3162 /* Frameworks */ = {
			isa = PBXFrameworksBuildPhase;
			buildActionMask = 2147483647;
			files = (
			);
			runOnlyForDeploymentPostprocessing = 0;
		};
		30EFF8B922E70F1E00D08D64 /* Frameworks */ = {
			isa = PBXFrameworksBuildPhase;
			buildActionMask = 2147483647;
			files = (
			);
			runOnlyForDeploymentPostprocessing = 0;
		};
/* End PBXFrameworksBuildPhase section */

/* Begin PBXGroup section */
		3050975F22EFE334007F3162 /* shame */ = {
			isa = PBXGroup;
			children = (
				3050976322EFE380007F3162 /* shame.cpp */,
			);
			path = shame;
			sourceTree = "<group>";
		};
		30EFF8B322E70F1E00D08D64 = {
			isa = PBXGroup;
			children = (
				30EFF8BE22E70F1E00D08D64 /* hackerrank_common-child */,
				3050975F22EFE334007F3162 /* shame */,
				30EFF8BD22E70F1E00D08D64 /* Products */,
			);
			sourceTree = "<group>";
		};
		30EFF8BD22E70F1E00D08D64 /* Products */ = {
			isa = PBXGroup;
			children = (
				30EFF8BC22E70F1E00D08D64 /* hackerrank_common-child */,
				3050975E22EFE334007F3162 /* shame */,
			);
			name = Products;
			sourceTree = "<group>";
		};
		30EFF8BE22E70F1E00D08D64 /* hackerrank_common-child */ = {
			isa = PBXGroup;
			children = (
				30EFF8BF22E70F1E00D08D64 /* main.c */,
			);
			path = "hackerrank_common-child";
			sourceTree = "<group>";
		};
/* End PBXGroup section */

/* Begin PBXNativeTarget section */
		3050975D22EFE334007F3162 /* shame */ = {
			isa = PBXNativeTarget;
			buildConfigurationList = 3050976222EFE334007F3162 /* Build configuration list for PBXNativeTarget "shame" */;
			buildPhases = (
				3050975A22EFE334007F3162 /* Sources */,
				3050975B22EFE334007F3162 /* Frameworks */,
				3050975C22EFE334007F3162 /* CopyFiles */,
			);
			buildRules = (
			);
			dependencies = (
			);
			name = shame;
			productName = shame;
			productReference = 3050975E22EFE334007F3162 /* shame */;
			productType = "com.apple.product-type.tool";
		};
		30EFF8BB22E70F1E00D08D64 /* hackerrank_common-child */ = {
			isa = PBXNativeTarget;
			buildConfigurationList = 30EFF8C322E70F1E00D08D64 /* Build configuration list for PBXNativeTarget "hackerrank_common-child" */;
			buildPhases = (
				30EFF8B822E70F1E00D08D64 /* Sources */,
				30EFF8B922E70F1E00D08D64 /* Frameworks */,
				30EFF8BA22E70F1E00D08D64 /* CopyFiles */,
			);
			buildRules = (
			);
			dependencies = (
			);
			name = "hackerrank_common-child";
			productName = "hackerrank_common-child";
			productReference = 30EFF8BC22E70F1E00D08D64 /* hackerrank_common-child */;
			productType = "com.apple.product-type.tool";
		};
/* End PBXNativeTarget section */

/* Begin PBXProject section */
		30EFF8B422E70F1E00D08D64 /* Project object */ = {
			isa = PBXProject;
			attributes = {
				LastUpgradeCheck = 0940;
				ORGANIZATIONNAME = "ernesto alvarado";
				TargetAttributes = {
					3050975D22EFE334007F3162 = {
						CreatedOnToolsVersion = 9.4.1;
					};
					30EFF8BB22E70F1E00D08D64 = {
						CreatedOnToolsVersion = 9.4.1;
					};
				};
			};
			buildConfigurationList = 30EFF8B722E70F1E00D08D64 /* Build configuration list for PBXProject "hackerrank_common-child" */;
			compatibilityVersion = "Xcode 9.3";
			developmentRegion = en;
			hasScannedForEncodings = 0;
			knownRegions = (
				en,
			);
			mainGroup = 30EFF8B322E70F1E00D08D64;
			productRefGroup = 30EFF8BD22E70F1E00D08D64 /* Products */;
			projectDirPath = "";
			projectRoot = "";
			targets = (
				30EFF8BB22E70F1E00D08D64 /* hackerrank_common-child */,
				3050975D22EFE334007F3162 /* shame */,
			);
		};
/* End PBXProject section */

/* Begin PBXSourcesBuildPhase section */
		3050975A22EFE334007F3162 /* Sources */ = {
			isa = PBXSourcesBuildPhase;
			buildActionMask = 2147483647;
			files = (
				3050976422EFE380007F3162 /* shame.cpp in Sources */,
			);
			runOnlyForDeploymentPostprocessing = 0;
		};
		30EFF8B822E70F1E00D08D64 /* Sources */ = {
			isa = PBXSourcesBuildPhase;
			buildActionMask = 2147483647;
			files = (
				30EFF8C022E70F1E00D08D64 /* main.c in Sources */,
			);
			runOnlyForDeploymentPostprocessing = 0;
		};
/* End PBXSourcesBuildPhase section */

/* Begin XCBuildConfiguration section */
		3050976022EFE334007F3162 /* Debug */ = {
			isa = XCBuildConfiguration;
			buildSettings = {
				CODE_SIGN_STYLE = Automatic;
				PRODUCT_NAME = "$(TARGET_NAME)";
			};
			name = Debug;
		};
		3050976122EFE334007F3162 /* Release */ = {
			isa = XCBuildConfiguration;
			buildSettings = {
				CODE_SIGN_STYLE = Automatic;
				PRODUCT_NAME = "$(TARGET_NAME)";
			};
			name = Release;
		};
		30EFF8C122E70F1E00D08D64 /* Debug */ = {
			isa = XCBuildConfiguration;
			buildSettings = {
				ALWAYS_SEARCH_USER_PATHS = NO;
				CLANG_ANALYZER_NONNULL = YES;
				CLANG_ANALYZER_NUMBER_OBJECT_CONVERSION = YES_AGGRESSIVE;
				CLANG_CXX_LANGUAGE_STANDARD = "gnu++14";
				CLANG_CXX_LIBRARY = "libc++";
				CLANG_ENABLE_MODULES = YES;
				CLANG_ENABLE_OBJC_ARC = YES;
				CLANG_ENABLE_OBJC_WEAK = YES;
				CLANG_WARN_BLOCK_CAPTURE_AUTORELEASING = YES;
				CLANG_WARN_BOOL_CONVERSION = YES;
				CLANG_WARN_COMMA = YES;
				CLANG_WARN_CONSTANT_CONVERSION = YES;
				CLANG_WARN_DEPRECATED_OBJC_IMPLEMENTATIONS = YES;
				CLANG_WARN_DIRECT_OBJC_ISA_USAGE = YES_ERROR;
				CLANG_WARN_DOCUMENTATION_COMMENTS = YES;
				CLANG_WARN_EMPTY_BODY = YES;
				CLANG_WARN_ENUM_CONVERSION = YES;
				CLANG_WARN_INFINITE_RECURSION = YES;
				CLANG_WARN_INT_CONVERSION = YES;
				CLANG_WARN_NON_LITERAL_NULL_CONVERSION = YES;
				CLANG_WARN_OBJC_IMPLICIT_RETAIN_SELF = YES;
				CLANG_WARN_OBJC_LITERAL_CONVERSION = YES;
				CLANG_WARN_OBJC_ROOT_CLASS = YES_ERROR;
				CLANG_WARN_RANGE_LOOP_ANALYSIS = YES;
				CLANG_WARN_STRICT_PROTOTYPES = YES;
				CLANG_WARN_SUSPICIOUS_MOVE = YES;
				CLANG_WARN_UNGUARDED_AVAILABILITY = YES_AGGRESSIVE;
				CLANG_WARN_UNREACHABLE_CODE = YES;
				CLANG_WARN__DUPLICATE_METHOD_MATCH = YES;
				CODE_SIGN_IDENTITY = "-";
				COPY_PHASE_STRIP = NO;
				DEBUG_INFORMATION_FORMAT = dwarf;
				ENABLE_STRICT_OBJC_MSGSEND = YES;
				ENABLE_TESTABILITY = YES;
				GCC_C_LANGUAGE_STANDARD = gnu11;
				GCC_DYNAMIC_NO_PIC = NO;
				GCC_NO_COMMON_BLOCKS = YES;
				GCC_OPTIMIZATION_LEVEL = 0;
				GCC_PREPROCESSOR_DEFINITIONS = (
					"DEBUG=1",
					"$(inherited)",
				);
				GCC_WARN_64_TO_32_BIT_CONVERSION = YES;
				GCC_WARN_ABOUT_RETURN_TYPE = YES_ERROR;
				GCC_WARN_UNDECLARED_SELECTOR = YES;
				GCC_WARN_UNINITIALIZED_AUTOS = YES_AGGRESSIVE;
				GCC_WARN_UNUSED_FUNCTION = YES;
				GCC_WARN_UNUSED_VARIABLE = YES;
				MACOSX_DEPLOYMENT_TARGET = 10.13;
				MTL_ENABLE_DEBUG_INFO = YES;
				ONLY_ACTIVE_ARCH = YES;
				SDKROOT = macosx;
			};
			name = Debug;
		};
		30EFF8C222E70F1E00D08D64 /* Release */ = {
			isa = XCBuildConfiguration;
			buildSettings = {
				ALWAYS_SEARCH_USER_PATHS = NO;
				CLANG_ANALYZER_NONNULL = YES;
				CLANG_ANALYZER_NUMBER_OBJECT_CONVERSION = YES_AGGRESSIVE;
				CLANG_CXX_LANGUAGE_STANDARD = "gnu++14";
				CLANG_CXX_LIBRARY = "libc++";
				CLANG_ENABLE_MODULES = YES;
				CLANG_ENABLE_OBJC_ARC = YES;
				CLANG_ENABLE_OBJC_WEAK = YES;
				CLANG_WARN_BLOCK_CAPTURE_AUTORELEASING = YES;
				CLANG_WARN_BOOL_CONVERSION = YES;
				CLANG_WARN_COMMA = YES;
				CLANG_WARN_CONSTANT_CONVERSION = YES;
				CLANG_WARN_DEPRECATED_OBJC_IMPLEMENTATIONS = YES;
				CLANG_WARN_DIRECT_OBJC_ISA_USAGE = YES_ERROR;
				CLANG_WARN_DOCUMENTATION_COMMENTS = YES;
				CLANG_WARN_EMPTY_BODY = YES;
				CLANG_WARN_ENUM_CONVERSION = YES;
				CLANG_WARN_INFINITE_RECURSION = YES;
				CLANG_WARN_INT_CONVERSION = YES;
				CLANG_WARN_NON_LITERAL_NULL_CONVERSION = YES;
				CLANG_WARN_OBJC_IMPLICIT_RETAIN_SELF = YES;
				CLANG_WARN_OBJC_LITERAL_CONVERSION = YES;
				CLANG_WARN_OBJC_ROOT_CLASS = YES_ERROR;
				CLANG_WARN_RANGE_LOOP_ANALYSIS = YES;
				CLANG_WARN_STRICT_PROTOTYPES = YES;
				CLANG_WARN_SUSPICIOUS_MOVE = YES;
				CLANG_WARN_UNGUARDED_AVAILABILITY = YES_AGGRESSIVE;
				CLANG_WARN_UNREACHABLE_CODE = YES;
				CLANG_WARN__DUPLICATE_METHOD_MATCH = YES;
				CODE_SIGN_IDENTITY = "-";
				COPY_PHASE_STRIP = NO;
				DEBUG_INFORMATION_FORMAT = "dwarf-with-dsym";
				ENABLE_NS_ASSERTIONS = NO;
				ENABLE_STRICT_OBJC_MSGSEND = YES;
				GCC_C_LANGUAGE_STANDARD = gnu11;
				GCC_NO_COMMON_BLOCKS = YES;
				GCC_WARN_64_TO_32_BIT_CONVERSION = YES;
				GCC_WARN_ABOUT_RETURN_TYPE = YES_ERROR;
				GCC_WARN_UNDECLARED_SELECTOR = YES;
				GCC_WARN_UNINITIALIZED_AUTOS = YES_AGGRESSIVE;
				GCC_WARN_UNUSED_FUNCTION = YES;
				GCC_WARN_UNUSED_VARIABLE = YES;
				MACOSX_DEPLOYMENT_TARGET = 10.13;
				MTL_ENABLE_DEBUG_INFO = NO;
				SDKROOT = macosx;
			};
			name = Release;
		};
		30EFF8C422E70F1E00D08D64 /* Debug */ = {
			isa = XCBuildConfiguration;
			buildSettings = {
				CODE_SIGN_STYLE = Automatic;
				PRODUCT_NAME = "$(TARGET_NAME)";
			};
			name = Debug;
		};
		30EFF8C522E70F1E00D08D64 /* Release */ = {
			isa = XCBuildConfiguration;
			buildSettings = {
				CODE_SIGN_STYLE = Automatic;
				PRODUCT_NAME = "$(TARGET_NAME)";
			};
			name = Release;
		};
/* End XCBuildConfiguration section */

/* Begin XCConfigurationList section */
		3050976222EFE334007F3162 /* Build configuration list for PBXNativeTarget "shame" */ = {
			isa = XCConfigurationList;
			buildConfigurations = (
				3050976022EFE334007F3162 /* Debug */,
				3050976122EFE334007F3162 /* Release */,
			);
			defaultConfigurationIsVisible = 0;
			defaultConfigurationName = Release;
		};
		30EFF8B722E70F1E00D08D64 /* Build configuration list for PBXProject "hackerrank_common-child" */ = {
			isa = XCConfigurationList;
			buildConfigurations = (
				30EFF8C122E70F1E00D08D64 /* Debug */,
				30EFF8C222E70F1E00D08D64 /* Release */,
			);
			defaultConfigurationIsVisible = 0;
			defaultConfigurationName = Release;
		};
		30EFF8C322E70F1E00D08D64 /* Build configuration list for PBXNativeTarget "hackerrank_common-child" */ = {
			isa = XCConfigurationList;
			buildConfigurations = (
				30EFF8C422E70F1E00D08D64 /* Debug */,
				30EFF8C522E70F1E00D08D64 /* Release */,
			);
			defaultConfigurationIsVisible = 0;
			defaultConfigurationName = Release;
		};
/* End XCConfigurationList section */
	};
	rootObject = 30EFF8B422E70F1E00D08D64 /* Project object */;
}
